# THIS IS AN AUTOGENERATED FILE. DO NOT EDIT THIS FILE DIRECTLY.
# yarn lockfile v1


bisect_ppx@^2.1.0, bisect_ppx@^2.4.1:
  version "2.6.0"
  resolved "https://registry.yarnpkg.com/bisect_ppx/-/bisect_ppx-2.6.0.tgz#02d4a21cae35be20cc1b7443d873749bd96716b2"
  integrity sha512-qn0gT+761btyZcjguwULR3RUbn3KUe4B4IftO2aMgxGwA5wOMDv3ZcUBWIbRWfNW7xSt+fUd24w33o/EThDUfQ==

bs-bastet@^2.0.0:
  version "2.0.0"
  resolved "https://registry.yarnpkg.com/bs-bastet/-/bs-bastet-2.0.0.tgz#e3b568b8b4142610cdcf9c74a304aa50968e3670"
  integrity sha512-rMD0EanbBIQaIml3JxFTLQTIQoWMM8I6wFg2fBncvlguyzMLNG6Lg8oV2C7hvtcvceAn1bBF+X1UkV+KM60Vmw==
  dependencies:
    bisect_ppx "^2.1.0"
    bs-stdlib-shims "^0.1.0"

bs-platform@^8.4.2:
  version "8.4.2"
  resolved "https://registry.yarnpkg.com/bs-platform/-/bs-platform-8.4.2.tgz#778dabd1dfb3bc95e0086c58dabae74e4ebdee8a"
  integrity sha512-9q7S4/LLV/a68CweN382NJdCCr/lOSsJR3oQYnmPK98ChfO/AdiA3lYQkQTp6T+U0I5Z5RypUAUprNstwDtMDQ==

bs-stdlib-shims@^0.1.0:
  version "0.1.0"
  resolved "https://registry.yarnpkg.com/bs-stdlib-shims/-/bs-stdlib-shims-0.1.0.tgz#f64166392652a07c37b9be462beebb6c0c66a74e"
  integrity sha512-CszWow8iXOKgmzNCc5dR3kERaqzIp3f4nbV7lJF5vS9BHm70GqLlu7OBE/VCPKZ5noG1VtJAIVqIdLFqUdIRUQ==

relude-parse@^0.8.0:
  version "0.8.0"
  resolved "https://registry.yarnpkg.com/relude-parse/-/relude-parse-0.8.0.tgz#6aa7e2b1d5bc1b28d4ee2eb0a304c63f73fad25c"
  integrity sha512-KsPpD4Wi5Nswe9FpeT5I2/DvD+pClgB6kmVXYqd94WrS6wxsxHUyl0ueSGWTTjbsrubNSph2YtxD1zElIGdBbA==

relude@^0.65.0:
  version "0.65.0"
  resolved "https://registry.yarnpkg.com/relude/-/relude-0.65.0.tgz#4fcb09960e1350f5d9032c3cc7eebecd6d79ba00"
  integrity sha512-gtjtQmxkwPqcDWBsMM3G5D7N8FFR3prlOFW2oHQfVTr2lcXW9mjUOB/J6XudrD0qN9D8ObmPpdt9mxf6z3nE9A==
  dependencies:
    bisect_ppx "^2.4.1"
